
Microsoft Visual Studio Solution File, Format Version 12.00
# Visual Studio Version 16
VisualStudioVersion = 16.0.29926.136
MinimumVisualStudioVersion = 10.0.40219.1
Project("{FAE04EC0-301F-11D3-BF4B-00C04F79EFBC}") = "CigaretteSmokersProblem", "CigaretteSmokersProblem\CigaretteSmokersProblem.csproj", "{2310D780-E0DB-4A17-9455-94EEE38617FC}"
EndProject
Global
	GlobalSection(SolutionConfigurationPlatforms) = preSolution
		Debug|Any CPU = Debug|Any CPU
		Release|Any CPU = Release|Any CPU
	EndGlobalSection
	GlobalSection(ProjectConfigurationPlatforms) = postSolution
		{2310D780-E0DB-4A17-9455-94EEE38617FC}.Debug|Any CPU.ActiveCfg = Debug|Any CPU
		{2310D780-E0DB-4A17-9455-94EEE38617FC}.Debug|Any CPU.Build.0 = Debug|Any CPU
		{2310D780-E0DB-4A17-9455-94EEE38617FC}.Release|Any CPU.ActiveCfg = Release|Any CPU
		{2310D780-E0DB-4A17-9455-94EEE38617FC}.Release|Any CPU.Build.0 = Release|Any CPU
	EndGlobalSection
	GlobalSection(SolutionProperties) = preSolution
		HideSolutionNode = FALSE
	EndGlobalSection
	GlobalSection(ExtensibilityGlobals) = postSolution
		SolutionGuid = {5962D6E7-6143-49F3-9618-C69387B93673}
	EndGlobalSection
EndGlobal
